
Microsoft Visual Studio Solution File, Format Version 12.00
# Visual Studio Version 16
VisualStudioVersion = 16.0.31129.286
MinimumVisualStudioVersion = 10.0.40219.1
Project("{FAE04EC0-301F-11D3-BF4B-00C04F79EFBC}") = "FoxGooseCorn", "FoxGooseCorn.csproj", "{68C31B5E-4DC6-452B-8B45-3583DE897E8E}"
EndProject
Global
	GlobalSection(SolutionConfigurationPlatforms) = preSolution
		Debug|Any CPU = Debug|Any CPU
		Release|Any CPU = Release|Any CPU
	EndGlobalSection
	GlobalSection(ProjectConfigurationPlatforms) = postSolution
		{68C31B5E-4DC6-452B-8B45-3583DE897E8E}.Debug|Any CPU.ActiveCfg = Debug|Any CPU
		{68C31B5E-4DC6-452B-8B45-3583DE897E8E}.Debug|Any CPU.Build.0 = Debug|Any CPU
		{68C31B5E-4DC6-452B-8B45-3583DE897E8E}.Release|Any CPU.ActiveCfg = Release|Any CPU
		{68C31B5E-4DC6-452B-8B45-3583DE897E8E}.Release|Any CPU.Build.0 = Release|Any CPU
	EndGlobalSection
	GlobalSection(SolutionProperties) = preSolution
		HideSolutionNode = FALSE
	EndGlobalSection
	GlobalSection(ExtensibilityGlobals) = postSolution
		SolutionGuid = {7450153B-1046-4EE2-B49C-8513691F8586}
	EndGlobalSection
EndGlobal
